{
  "name": "dev-mvc",
  "version": "1.0.2",
  "lockfileVersion": 3,
  "requires": true,
  "packages": {
    "": {
      "name": "dev-mvc",
      "version": "1.0.2",
      "hasInstallScript": true,
      "license": "MIT",
      "dependencies": {
        "dev-mvc": "^1.0.2"
      },
      "bin": {
        "dev-mvc": "index.js"
      },
      "engines": {
        "node": ">=20.18.0"
      }
    },
    "node_modules/dev-mvc": {
      "version": "1.0.2",
      "resolved": "https://registry.npmjs.org/dev-mvc/-/dev-mvc-1.0.2.tgz",
      "integrity": "sha512-uIAmpbGwOj9ne0qTlp3B/HuqkNXKCjuuBuDie/nHWWovEGjUqCajhlB6PMYk45TcuMuCMnZX6hP5vxqtPwsWvw==",
      "hasInstallScript": true,
      "bin": {
        "dev-mvc": "index.js"
      },
      "engines": {
        "node": ">=20.18.0"
      }
    }
  }
}
