{
  "name": "dev-mvc",
  "version": "1.2.2",
  "lockfileVersion": 3,
  "requires": true,
  "packages": {
    "": {
      "name": "dev-mvc",
      "version": "1.2.2",
      "hasInstallScript": true,
      "license": "MIT",
      "dependencies": {
        "dev-mvc": "^1.2.3"
      },
      "bin": {
        "dev-mvc": "index.js"
      }
    },
    "node_modules/dev-mvc": {
      "version": "1.2.3",
      "resolved": "https://registry.npmjs.org/dev-mvc/-/dev-mvc-1.2.3.tgz",
      "integrity": "sha512-ZwiUL6QNpabpoAV1b4y5A+iC5nUvyoPGNa1yOucw/Y72K7Qo9ff84t0o1SbbSSDN44UjCq389+xvcZeZVO63SA==",
      "hasInstallScript": true,
      "license": "MIT",
      "bin": {
        "dev-mvc": "index.js"
      }
    }
  }
}
